// !$*UTF8*$!
{
	archiveVersion = 1;
	classes = {
	};
	objectVersion = 48;
	objects = {

/* Begin PBXBuildFile section */
		5DEA75E71FC2EBE300EA2B36 /* MessagePackTests.m in Sources */ = {isa = PBXBuildFile; fileRef = 5DE76E061FB0987200C60CDF /* MessagePackTests.m */; };
		5DEA75E81FC2EBE900EA2B36 /* testdata.json in Resources */ = {isa = PBXBuildFile; fileRef = 5DE76E231FB0999B00C60CDF /* testdata.json */; };
		5DEA75E91FC2EBED00EA2B36 /* testdata.msgpack in Resources */ = {isa = PBXBuildFile; fileRef = 5DE76E221FB0999A00C60CDF /* testdata.msgpack */; };
		5DEA75F81FC2EEBD00EA2B36 /* libmsgpackc.a in Frameworks */ = {isa = PBXBuildFile; fileRef = 5DC13D881FA88CF700D93126 /* libmsgpackc.a */; };
		5DEA75F91FC2EED900EA2B36 /* MessagePack.m in Sources */ = {isa = PBXBuildFile; fileRef = 5DC13D221FA8870200D93126 /* MessagePack.m */; };
		5DEA75FC1FC2EEFB00EA2B36 /* libMessagePack.a in Frameworks */ = {isa = PBXBuildFile; fileRef = 5DEA75EF1FC2EEAE00EA2B36 /* libMessagePack.a */; };
/* End PBXBuildFile section */

/* Begin PBXContainerItemProxy section */
		5DC13D851FA88CF700D93126 /* PBXContainerItemProxy */ = {
			isa = PBXContainerItemProxy;
			containerPortal = 5DC13D6E1FA88CF600D93126 /* msgpack.xcodeproj */;
			proxyType = 2;
			remoteGlobalIDString = 80C07037F3FB49C19EEBC874;
			remoteInfo = msgpackc;
		};
		5DC13D871FA88CF700D93126 /* PBXContainerItemProxy */ = {
			isa = PBXContainerItemProxy;
			containerPortal = 5DC13D6E1FA88CF600D93126 /* msgpack.xcodeproj */;
			proxyType = 2;
			remoteGlobalIDString = E81110020CFE4065A929DED7;
			remoteInfo = "msgpackc-static";
		};
		5DC13D891FA88CF700D93126 /* PBXContainerItemProxy */ = {
			isa = PBXContainerItemProxy;
			containerPortal = 5DC13D6E1FA88CF600D93126 /* msgpack.xcodeproj */;
			proxyType = 2;
			remoteGlobalIDString = A3C441077CC54D5FAF6C88F1;
			remoteInfo = lib_buffer_unpack;
		};
		5DC13D8B1FA88CF700D93126 /* PBXContainerItemProxy */ = {
			isa = PBXContainerItemProxy;
			containerPortal = 5DC13D6E1FA88CF600D93126 /* msgpack.xcodeproj */;
			proxyType = 2;
			remoteGlobalIDString = 91B57EA59E9D43058EFF260A;
			remoteInfo = simple_c;
		};
		5DC13D8D1FA88CF700D93126 /* PBXContainerItemProxy */ = {
			isa = PBXContainerItemProxy;
			containerPortal = 5DC13D6E1FA88CF600D93126 /* msgpack.xcodeproj */;
			proxyType = 2;
			remoteGlobalIDString = BDDEE4FB6E8D48EC829FDBBC;
			remoteInfo = speed_test_uint32_array;
		};
		5DC13D8F1FA88CF700D93126 /* PBXContainerItemProxy */ = {
			isa = PBXContainerItemProxy;
			containerPortal = 5DC13D6E1FA88CF600D93126 /* msgpack.xcodeproj */;
			proxyType = 2;
			remoteGlobalIDString = C60B420B166043298D2E0652;
			remoteInfo = speed_test_uint64_array;
		};
		5DC13D911FA88CF700D93126 /* PBXContainerItemProxy */ = {
			isa = PBXContainerItemProxy;
			containerPortal = 5DC13D6E1FA88CF600D93126 /* msgpack.xcodeproj */;
			proxyType = 2;
			remoteGlobalIDString = 4DA397AFD43C40AF9F54AF59;
			remoteInfo = user_buffer_unpack;
		};
		5DC13D931FA88CF700D93126 /* PBXContainerItemProxy */ = {
			isa = PBXContainerItemProxy;
			containerPortal = 5DC13D6E1FA88CF600D93126 /* msgpack.xcodeproj */;
			proxyType = 2;
			remoteGlobalIDString = 179D5B7687DB4931B80A79B1;
			remoteInfo = class_intrusive;
		};
		5DC13D951FA88CF700D93126 /* PBXContainerItemProxy */ = {
			isa = PBXContainerItemProxy;
			containerPortal = 5DC13D6E1FA88CF600D93126 /* msgpack.xcodeproj */;
			proxyType = 2;
			remoteGlobalIDString = F438BA07698A452AB7AEA72D;
			remoteInfo = class_intrusive_map;
		};
		5DC13D971FA88CF700D93126 /* PBXContainerItemProxy */ = {
			isa = PBXContainerItemProxy;
			containerPortal = 5DC13D6E1FA88CF600D93126 /* msgpack.xcodeproj */;
			proxyType = 2;
			remoteGlobalIDString = 4BC4C187261A491098A34062;
			remoteInfo = class_non_intrusive;
		};
		5DC13D991FA88CF700D93126 /* PBXContainerItemProxy */ = {
			isa = PBXContainerItemProxy;
			containerPortal = 5DC13D6E1FA88CF600D93126 /* msgpack.xcodeproj */;
			proxyType = 2;
			remoteGlobalIDString = 5F411D12865349A5BE89BD21;
			remoteInfo = custom;
		};
		5DC13D9B1FA88CF700D93126 /* PBXContainerItemProxy */ = {
			isa = PBXContainerItemProxy;
			containerPortal = 5DC13D6E1FA88CF600D93126 /* msgpack.xcodeproj */;
			proxyType = 2;
			remoteGlobalIDString = 28F206819DEF434BAA630E6F;
			remoteInfo = enum;
		};
		5DC13D9D1FA88CF700D93126 /* PBXContainerItemProxy */ = {
			isa = PBXContainerItemProxy;
			containerPortal = 5DC13D6E1FA88CF600D93126 /* msgpack.xcodeproj */;
			proxyType = 2;
			remoteGlobalIDString = DC4C586E87A34B9AA8FADD1D;
			remoteInfo = map_based_versionup;
		};
		5DC13D9F1FA88CF700D93126 /* PBXContainerItemProxy */ = {
			isa = PBXContainerItemProxy;
			containerPortal = 5DC13D6E1FA88CF600D93126 /* msgpack.xcodeproj */;
			proxyType = 2;
			remoteGlobalIDString = 50F4D388F6F5479981B070E9;
			remoteInfo = protocol_new;
		};
		5DC13DA11FA88CF700D93126 /* PBXContainerItemProxy */ = {
			isa = PBXContainerItemProxy;
			containerPortal = 5DC13D6E1FA88CF600D93126 /* msgpack.xcodeproj */;
			proxyType = 2;
			remoteGlobalIDString = 71310FF8C8254167B4C43080;
			remoteInfo = reuse_zone;
		};
		5DC13DA31FA88CF700D93126 /* PBXContainerItemProxy */ = {
			isa = PBXContainerItemProxy;
			containerPortal = 5DC13D6E1FA88CF600D93126 /* msgpack.xcodeproj */;
			proxyType = 2;
			remoteGlobalIDString = BA3410F561F347DD9528135F;
			remoteInfo = simple;
		};
		5DC13DA51FA88CF700D93126 /* PBXContainerItemProxy */ = {
			isa = PBXContainerItemProxy;
			containerPortal = 5DC13D6E1FA88CF600D93126 /* msgpack.xcodeproj */;
			proxyType = 2;
			remoteGlobalIDString = B1D1B8EB1B4E4C36A82A862E;
			remoteInfo = stream;
		};
		5DEA75FA1FC2EEE900EA2B36 /* PBXContainerItemProxy */ = {
			isa = PBXContainerItemProxy;
			containerPortal = 5DC13D6E1FA88CF600D93126 /* msgpack.xcodeproj */;
			proxyType = 1;
			remoteGlobalIDString = BC16938C978C4660964E31E0;
			remoteInfo = "msgpackc-static";
		};
/* End PBXContainerItemProxy section */

/* Begin PBXCopyFilesBuildPhase section */
		5DEA75ED1FC2EEAE00EA2B36 /* CopyFiles */ = {
			isa = PBXCopyFilesBuildPhase;
			buildActionMask = 2147483647;
			dstPath = "include/$(PRODUCT_NAME)";
			dstSubfolderSpec = 16;
			files = (
			);
			runOnlyForDeploymentPostprocessing = 0;
		};
/* End PBXCopyFilesBuildPhase section */

/* Begin PBXFileReference section */
		5D9B3AD51FA780F2009FC29A /* MessagePack.h */ = {isa = PBXFileReference; lastKnownFileType = sourcecode.c.h; path = MessagePack.h; sourceTree = "<group>"; };
		5DC13D221FA8870200D93126 /* MessagePack.m */ = {isa = PBXFileReference; fileEncoding = 4; lastKnownFileType = sourcecode.c.objc; path = MessagePack.m; sourceTree = "<group>"; };
		5DC13D6E1FA88CF600D93126 /* msgpack.xcodeproj */ = {isa = PBXFileReference; lastKnownFileType = "wrapper.pb-project"; name = msgpack.xcodeproj; path = "msgpack-c-xcode/msgpack.xcodeproj"; sourceTree = "<group>"; };
		5DE76E061FB0987200C60CDF /* MessagePackTests.m */ = {isa = PBXFileReference; lastKnownFileType = sourcecode.c.objc; path = MessagePackTests.m; sourceTree = "<group>"; };
		5DE76E221FB0999A00C60CDF /* testdata.msgpack */ = {isa = PBXFileReference; lastKnownFileType = file; path = testdata.msgpack; sourceTree = "<group>"; };
		5DE76E231FB0999B00C60CDF /* testdata.json */ = {isa = PBXFileReference; fileEncoding = 4; lastKnownFileType = text.json; path = testdata.json; sourceTree = "<group>"; };
		5DEA75BC1FC2E2F000EA2B36 /* Info.plist */ = {isa = PBXFileReference; lastKnownFileType = text.plist.xml; path = Info.plist; sourceTree = "<group>"; };
		5DEA75DC1FC2EB9500EA2B36 /* Tests.xctest */ = {isa = PBXFileReference; explicitFileType = wrapper.cfbundle; includeInIndex = 0; path = Tests.xctest; sourceTree = BUILT_PRODUCTS_DIR; };
		5DEA75EF1FC2EEAE00EA2B36 /* libMessagePack.a */ = {isa = PBXFileReference; explicitFileType = archive.ar; includeInIndex = 0; path = libMessagePack.a; sourceTree = BUILT_PRODUCTS_DIR; };
/* End PBXFileReference section */

/* Begin PBXFrameworksBuildPhase section */
		5DEA75D91FC2EB9500EA2B36 /* Frameworks */ = {
			isa = PBXFrameworksBuildPhase;
			buildActionMask = 2147483647;
			files = (
				5DEA75FC1FC2EEFB00EA2B36 /* libMessagePack.a in Frameworks */,
			);
			runOnlyForDeploymentPostprocessing = 0;
		};
		5DEA75EC1FC2EEAE00EA2B36 /* Frameworks */ = {
			isa = PBXFrameworksBuildPhase;
			buildActionMask = 2147483647;
			files = (
				5DEA75F81FC2EEBD00EA2B36 /* libmsgpackc.a in Frameworks */,
			);
			runOnlyForDeploymentPostprocessing = 0;
		};
/* End PBXFrameworksBuildPhase section */

/* Begin PBXGroup section */
		5D5B64D81FA879F200A1F230 /* Frameworks */ = {
			isa = PBXGroup;
			children = (
				5DC13D6E1FA88CF600D93126 /* msgpack.xcodeproj */,
			);
			name = Frameworks;
			sourceTree = "<group>";
		};
		5D9B3AC91FA780F2009FC29A = {
			isa = PBXGroup;
			children = (
				5D9B3AD41FA780F2009FC29A /* msgpack-objc */,
				5DEA75B91FC2E2F000EA2B36 /* Tests */,
				5D9B3AD31FA780F2009FC29A /* Products */,
				5D5B64D81FA879F200A1F230 /* Frameworks */,
			);
			sourceTree = "<group>";
		};
		5D9B3AD31FA780F2009FC29A /* Products */ = {
			isa = PBXGroup;
			children = (
				5DEA75DC1FC2EB9500EA2B36 /* Tests.xctest */,
				5DEA75EF1FC2EEAE00EA2B36 /* libMessagePack.a */,
			);
			name = Products;
			sourceTree = "<group>";
		};
		5D9B3AD41FA780F2009FC29A /* msgpack-objc */ = {
			isa = PBXGroup;
			children = (
				5D9B3AD51FA780F2009FC29A /* MessagePack.h */,
				5DC13D221FA8870200D93126 /* MessagePack.m */,
			);
			path = "msgpack-objc";
			sourceTree = "<group>";
		};
		5DC13D6F1FA88CF600D93126 /* Products */ = {
			isa = PBXGroup;
			children = (
				5DC13D861FA88CF700D93126 /* libmsgpackc.dylib */,
				5DC13D881FA88CF700D93126 /* libmsgpackc.a */,
				5DC13D8A1FA88CF700D93126 /* lib_buffer_unpack */,
				5DC13D8C1FA88CF700D93126 /* simple_c */,
				5DC13D8E1FA88CF700D93126 /* speed_test_uint32_array */,
				5DC13D901FA88CF700D93126 /* speed_test_uint64_array */,
				5DC13D921FA88CF700D93126 /* user_buffer_unpack */,
				5DC13D941FA88CF700D93126 /* class_intrusive */,
				5DC13D961FA88CF700D93126 /* class_intrusive_map */,
				5DC13D981FA88CF700D93126 /* class_non_intrusive */,
				5DC13D9A1FA88CF700D93126 /* custom */,
				5DC13D9C1FA88CF700D93126 /* enum */,
				5DC13D9E1FA88CF700D93126 /* map_based_versionup */,
				5DC13DA01FA88CF700D93126 /* protocol_new */,
				5DC13DA21FA88CF700D93126 /* reuse_zone */,
				5DC13DA41FA88CF700D93126 /* simple */,
				5DC13DA61FA88CF700D93126 /* stream */,
			);
			name = Products;
			sourceTree = "<group>";
		};
		5DEA75B91FC2E2F000EA2B36 /* Tests */ = {
			isa = PBXGroup;
			children = (
				5DE76E061FB0987200C60CDF /* MessagePackTests.m */,
				5DE76E231FB0999B00C60CDF /* testdata.json */,
				5DE76E221FB0999A00C60CDF /* testdata.msgpack */,
				5DEA75BC1FC2E2F000EA2B36 /* Info.plist */,
			);
			path = Tests;
			sourceTree = "<group>";
		};
/* End PBXGroup section */

/* Begin PBXNativeTarget section */
		5DEA75DB1FC2EB9500EA2B36 /* Tests */ = {
			isa = PBXNativeTarget;
			buildConfigurationList = 5DEA75E41FC2EB9600EA2B36 /* Build configuration list for PBXNativeTarget "Tests" */;
			buildPhases = (
				5DEA75D81FC2EB9500EA2B36 /* Sources */,
				5DEA75D91FC2EB9500EA2B36 /* Frameworks */,
				5DEA75DA1FC2EB9500EA2B36 /* Resources */,
			);
			buildRules = (
			);
			dependencies = (
			);
			name = Tests;
			productName = Tests;
			productReference = 5DEA75DC1FC2EB9500EA2B36 /* Tests.xctest */;
			productType = "com.apple.product-type.bundle.unit-test";
		};
		5DEA75EE1FC2EEAE00EA2B36 /* MessagePack */ = {
			isa = PBXNativeTarget;
			buildConfigurationList = 5DEA75F51FC2EEAE00EA2B36 /* Build configuration list for PBXNativeTarget "MessagePack" */;
			buildPhases = (
				5DEA75EB1FC2EEAE00EA2B36 /* Sources */,
				5DEA75EC1FC2EEAE00EA2B36 /* Frameworks */,
				5DEA75ED1FC2EEAE00EA2B36 /* CopyFiles */,
			);
			buildRules = (
			);
			dependencies = (
				5DEA75FB1FC2EEE900EA2B36 /* PBXTargetDependency */,
			);
			name = MessagePack;
			productName = MessagePack;
			productReference = 5DEA75EF1FC2EEAE00EA2B36 /* libMessagePack.a */;
			productType = "com.apple.product-type.library.static";
		};
/* End PBXNativeTarget section */

/* Begin PBXProject section */
		5D9B3ACA1FA780F2009FC29A /* Project object */ = {
			isa = PBXProject;
			attributes = {
				LastUpgradeCheck = 0900;
				ORGANIZATIONNAME = "FootballAddicts AB";
				TargetAttributes = {
					5DEA75DB1FC2EB9500EA2B36 = {
						CreatedOnToolsVersion = 9.1;
						ProvisioningStyle = Automatic;
					};
					5DEA75EE1FC2EEAE00EA2B36 = {
						CreatedOnToolsVersion = 9.1;
						ProvisioningStyle = Automatic;
					};
				};
			};
			buildConfigurationList = 5D9B3ACD1FA780F2009FC29A /* Build configuration list for PBXProject "msgpack-objc" */;
			compatibilityVersion = "Xcode 8.0";
			developmentRegion = en;
			hasScannedForEncodings = 0;
			knownRegions = (
				en,
				Base,
			);
			mainGroup = 5D9B3AC91FA780F2009FC29A;
			productRefGroup = 5D9B3AD31FA780F2009FC29A /* Products */;
			projectDirPath = "";
			projectReferences = (
				{
					ProductGroup = 5DC13D6F1FA88CF600D93126 /* Products */;
					ProjectRef = 5DC13D6E1FA88CF600D93126 /* msgpack.xcodeproj */;
				},
			);
			projectRoot = "";
			targets = (
				5DEA75EE1FC2EEAE00EA2B36 /* MessagePack */,
				5DEA75DB1FC2EB9500EA2B36 /* Tests */,
			);
		};
/* End PBXProject section */

/* Begin PBXReferenceProxy section */
		5DC13D861FA88CF700D93126 /* libmsgpackc.dylib */ = {
			isa = PBXReferenceProxy;
			fileType = "compiled.mach-o.dylib";
			name = libmsgpackc.dylib;
			path = libmsgpackc.2.0.0.dylib;
			remoteRef = 5DC13D851FA88CF700D93126 /* PBXContainerItemProxy */;
			sourceTree = BUILT_PRODUCTS_DIR;
		};
		5DC13D881FA88CF700D93126 /* libmsgpackc.a */ = {
			isa = PBXReferenceProxy;
			fileType = archive.ar;
			path = libmsgpackc.a;
			remoteRef = 5DC13D871FA88CF700D93126 /* PBXContainerItemProxy */;
			sourceTree = BUILT_PRODUCTS_DIR;
		};
		5DC13D8A1FA88CF700D93126 /* lib_buffer_unpack */ = {
			isa = PBXReferenceProxy;
			fileType = "compiled.mach-o.executable";
			path = lib_buffer_unpack;
			remoteRef = 5DC13D891FA88CF700D93126 /* PBXContainerItemProxy */;
			sourceTree = BUILT_PRODUCTS_DIR;
		};
		5DC13D8C1FA88CF700D93126 /* simple_c */ = {
			isa = PBXReferenceProxy;
			fileType = "compiled.mach-o.executable";
			path = simple_c;
			remoteRef = 5DC13D8B1FA88CF700D93126 /* PBXContainerItemProxy */;
			sourceTree = BUILT_PRODUCTS_DIR;
		};
		5DC13D8E1FA88CF700D93126 /* speed_test_uint32_array */ = {
			isa = PBXReferenceProxy;
			fileType = "compiled.mach-o.executable";
			path = speed_test_uint32_array;
			remoteRef = 5DC13D8D1FA88CF700D93126 /* PBXContainerItemProxy */;
			sourceTree = BUILT_PRODUCTS_DIR;
		};
		5DC13D901FA88CF700D93126 /* speed_test_uint64_array */ = {
			isa = PBXReferenceProxy;
			fileType = "compiled.mach-o.executable";
			path = speed_test_uint64_array;
			remoteRef = 5DC13D8F1FA88CF700D93126 /* PBXContainerItemProxy */;
			sourceTree = BUILT_PRODUCTS_DIR;
		};
		5DC13D921FA88CF700D93126 /* user_buffer_unpack */ = {
			isa = PBXReferenceProxy;
			fileType = "compiled.mach-o.executable";
			path = user_buffer_unpack;
			remoteRef = 5DC13D911FA88CF700D93126 /* PBXContainerItemProxy */;
			sourceTree = BUILT_PRODUCTS_DIR;
		};
		5DC13D941FA88CF700D93126 /* class_intrusive */ = {
			isa = PBXReferenceProxy;
			fileType = "compiled.mach-o.executable";
			path = class_intrusive;
			remoteRef = 5DC13D931FA88CF700D93126 /* PBXContainerItemProxy */;
			sourceTree = BUILT_PRODUCTS_DIR;
		};
		5DC13D961FA88CF700D93126 /* class_intrusive_map */ = {
			isa = PBXReferenceProxy;
			fileType = "compiled.mach-o.executable";
			path = class_intrusive_map;
			remoteRef = 5DC13D951FA88CF700D93126 /* PBXContainerItemProxy */;
			sourceTree = BUILT_PRODUCTS_DIR;
		};
		5DC13D981FA88CF700D93126 /* class_non_intrusive */ = {
			isa = PBXReferenceProxy;
			fileType = "compiled.mach-o.executable";
			path = class_non_intrusive;
			remoteRef = 5DC13D971FA88CF700D93126 /* PBXContainerItemProxy */;
			sourceTree = BUILT_PRODUCTS_DIR;
		};
		5DC13D9A1FA88CF700D93126 /* custom */ = {
			isa = PBXReferenceProxy;
			fileType = "compiled.mach-o.executable";
			path = custom;
			remoteRef = 5DC13D991FA88CF700D93126 /* PBXContainerItemProxy */;
			sourceTree = BUILT_PRODUCTS_DIR;
		};
		5DC13D9C1FA88CF700D93126 /* enum */ = {
			isa = PBXReferenceProxy;
			fileType = "compiled.mach-o.executable";
			path = enum;
			remoteRef = 5DC13D9B1FA88CF700D93126 /* PBXContainerItemProxy */;
			sourceTree = BUILT_PRODUCTS_DIR;
		};
		5DC13D9E1FA88CF700D93126 /* map_based_versionup */ = {
			isa = PBXReferenceProxy;
			fileType = "compiled.mach-o.executable";
			path = map_based_versionup;
			remoteRef = 5DC13D9D1FA88CF700D93126 /* PBXContainerItemProxy */;
			sourceTree = BUILT_PRODUCTS_DIR;
		};
		5DC13DA01FA88CF700D93126 /* protocol_new */ = {
			isa = PBXReferenceProxy;
			fileType = "compiled.mach-o.executable";
			path = protocol_new;
			remoteRef = 5DC13D9F1FA88CF700D93126 /* PBXContainerItemProxy */;
			sourceTree = BUILT_PRODUCTS_DIR;
		};
		5DC13DA21FA88CF700D93126 /* reuse_zone */ = {
			isa = PBXReferenceProxy;
			fileType = "compiled.mach-o.executable";
			path = reuse_zone;
			remoteRef = 5DC13DA11FA88CF700D93126 /* PBXContainerItemProxy */;
			sourceTree = BUILT_PRODUCTS_DIR;
		};
		5DC13DA41FA88CF700D93126 /* simple */ = {
			isa = PBXReferenceProxy;
			fileType = "compiled.mach-o.executable";
			path = simple;
			remoteRef = 5DC13DA31FA88CF700D93126 /* PBXContainerItemProxy */;
			sourceTree = BUILT_PRODUCTS_DIR;
		};
		5DC13DA61FA88CF700D93126 /* stream */ = {
			isa = PBXReferenceProxy;
			fileType = "compiled.mach-o.executable";
			path = stream;
			remoteRef = 5DC13DA51FA88CF700D93126 /* PBXContainerItemProxy */;
			sourceTree = BUILT_PRODUCTS_DIR;
		};
/* End PBXReferenceProxy section */

/* Begin PBXResourcesBuildPhase section */
		5DEA75DA1FC2EB9500EA2B36 /* Resources */ = {
			isa = PBXResourcesBuildPhase;
			buildActionMask = 2147483647;
			files = (
				5DEA75E91FC2EBED00EA2B36 /* testdata.msgpack in Resources */,
				5DEA75E81FC2EBE900EA2B36 /* testdata.json in Resources */,
			);
			runOnlyForDeploymentPostprocessing = 0;
		};
/* End PBXResourcesBuildPhase section */

/* Begin PBXSourcesBuildPhase section */
		5DEA75D81FC2EB9500EA2B36 /* Sources */ = {
			isa = PBXSourcesBuildPhase;
			buildActionMask = 2147483647;
			files = (
				5DEA75E71FC2EBE300EA2B36 /* MessagePackTests.m in Sources */,
			);
			runOnlyForDeploymentPostprocessing = 0;
		};
		5DEA75EB1FC2EEAE00EA2B36 /* Sources */ = {
			isa = PBXSourcesBuildPhase;
			buildActionMask = 2147483647;
			files = (
				5DEA75F91FC2EED900EA2B36 /* MessagePack.m in Sources */,
			);
			runOnlyForDeploymentPostprocessing = 0;
		};
/* End PBXSourcesBuildPhase section */

/* Begin PBXTargetDependency section */
		5DEA75FB1FC2EEE900EA2B36 /* PBXTargetDependency */ = {
			isa = PBXTargetDependency;
			name = "msgpackc-static";
			targetProxy = 5DEA75FA1FC2EEE900EA2B36 /* PBXContainerItemProxy */;
		};
/* End PBXTargetDependency section */

/* Begin XCBuildConfiguration section */
		5D9B3AD91FA780F2009FC29A /* Debug */ = {
			isa = XCBuildConfiguration;
			buildSettings = {
				ALWAYS_SEARCH_USER_PATHS = NO;
				CLANG_ANALYZER_NONNULL = YES;
				CLANG_ANALYZER_NUMBER_OBJECT_CONVERSION = YES_AGGRESSIVE;
				CLANG_CXX_LANGUAGE_STANDARD = "gnu++14";
				CLANG_CXX_LIBRARY = "libc++";
				CLANG_ENABLE_MODULES = YES;
				CLANG_ENABLE_OBJC_ARC = YES;
				CLANG_WARN_BLOCK_CAPTURE_AUTORELEASING = YES;
				CLANG_WARN_BOOL_CONVERSION = YES;
				CLANG_WARN_COMMA = YES;
				CLANG_WARN_CONSTANT_CONVERSION = YES;
				CLANG_WARN_DIRECT_OBJC_ISA_USAGE = YES_ERROR;
				CLANG_WARN_DOCUMENTATION_COMMENTS = YES;
				CLANG_WARN_EMPTY_BODY = YES;
				CLANG_WARN_ENUM_CONVERSION = YES;
				CLANG_WARN_INFINITE_RECURSION = YES;
				CLANG_WARN_INT_CONVERSION = YES;
				CLANG_WARN_NON_LITERAL_NULL_CONVERSION = YES;
				CLANG_WARN_OBJC_LITERAL_CONVERSION = YES;
				CLANG_WARN_OBJC_ROOT_CLASS = YES_ERROR;
				CLANG_WARN_RANGE_LOOP_ANALYSIS = YES;
				CLANG_WARN_STRICT_PROTOTYPES = YES;
				CLANG_WARN_SUSPICIOUS_MOVE = YES;
				CLANG_WARN_UNGUARDED_AVAILABILITY = YES_AGGRESSIVE;
				CLANG_WARN_UNREACHABLE_CODE = YES;
				CLANG_WARN__DUPLICATE_METHOD_MATCH = YES;
				CODE_SIGN_IDENTITY = "Mac Developer";
				COPY_PHASE_STRIP = NO;
				DEBUG_INFORMATION_FORMAT = dwarf;
				ENABLE_STRICT_OBJC_MSGSEND = YES;
				ENABLE_TESTABILITY = YES;
				GCC_C_LANGUAGE_STANDARD = gnu11;
				GCC_DYNAMIC_NO_PIC = NO;
				GCC_NO_COMMON_BLOCKS = YES;
				GCC_OPTIMIZATION_LEVEL = 0;
				GCC_PREPROCESSOR_DEFINITIONS = (
					"DEBUG=1",
					"$(inherited)",
				);
				GCC_WARN_64_TO_32_BIT_CONVERSION = YES;
				GCC_WARN_ABOUT_RETURN_TYPE = YES_ERROR;
				GCC_WARN_UNDECLARED_SELECTOR = YES;
				GCC_WARN_UNINITIALIZED_AUTOS = YES_AGGRESSIVE;
				GCC_WARN_UNUSED_FUNCTION = YES;
				GCC_WARN_UNUSED_VARIABLE = YES;
				IPHONEOS_DEPLOYMENT_TARGET = 11.0;
				MACOSX_DEPLOYMENT_TARGET = 10.13;
				MTL_ENABLE_DEBUG_INFO = YES;
				ONLY_ACTIVE_ARCH = YES;
				SDKROOT = iphoneos;
				SUPPORTED_PLATFORMS = "iphonesimulator iphoneos";
			};
			name = Debug;
		};
		5D9B3ADA1FA780F2009FC29A /* Release */ = {
			isa = XCBuildConfiguration;
			buildSettings = {
				ALWAYS_SEARCH_USER_PATHS = NO;
				CLANG_ANALYZER_NONNULL = YES;
				CLANG_ANALYZER_NUMBER_OBJECT_CONVERSION = YES_AGGRESSIVE;
				CLANG_CXX_LANGUAGE_STANDARD = "gnu++14";
				CLANG_CXX_LIBRARY = "libc++";
				CLANG_ENABLE_MODULES = YES;
				CLANG_ENABLE_OBJC_ARC = YES;
				CLANG_WARN_BLOCK_CAPTURE_AUTORELEASING = YES;
				CLANG_WARN_BOOL_CONVERSION = YES;
				CLANG_WARN_COMMA = YES;
				CLANG_WARN_CONSTANT_CONVERSION = YES;
				CLANG_WARN_DIRECT_OBJC_ISA_USAGE = YES_ERROR;
				CLANG_WARN_DOCUMENTATION_COMMENTS = YES;
				CLANG_WARN_EMPTY_BODY = YES;
				CLANG_WARN_ENUM_CONVERSION = YES;
				CLANG_WARN_INFINITE_RECURSION = YES;
				CLANG_WARN_INT_CONVERSION = YES;
				CLANG_WARN_NON_LITERAL_NULL_CONVERSION = YES;
				CLANG_WARN_OBJC_LITERAL_CONVERSION = YES;
				CLANG_WARN_OBJC_ROOT_CLASS = YES_ERROR;
				CLANG_WARN_RANGE_LOOP_ANALYSIS = YES;
				CLANG_WARN_STRICT_PROTOTYPES = YES;
				CLANG_WARN_SUSPICIOUS_MOVE = YES;
				CLANG_WARN_UNGUARDED_AVAILABILITY = YES_AGGRESSIVE;
				CLANG_WARN_UNREACHABLE_CODE = YES;
				CLANG_WARN__DUPLICATE_METHOD_MATCH = YES;
				CODE_SIGN_IDENTITY = "Mac Developer";
				COPY_PHASE_STRIP = NO;
				DEBUG_INFORMATION_FORMAT = "dwarf-with-dsym";
				ENABLE_NS_ASSERTIONS = NO;
				ENABLE_STRICT_OBJC_MSGSEND = YES;
				GCC_C_LANGUAGE_STANDARD = gnu11;
				GCC_NO_COMMON_BLOCKS = YES;
				GCC_WARN_64_TO_32_BIT_CONVERSION = YES;
				GCC_WARN_ABOUT_RETURN_TYPE = YES_ERROR;
				GCC_WARN_UNDECLARED_SELECTOR = YES;
				GCC_WARN_UNINITIALIZED_AUTOS = YES_AGGRESSIVE;
				GCC_WARN_UNUSED_FUNCTION = YES;
				GCC_WARN_UNUSED_VARIABLE = YES;
				IPHONEOS_DEPLOYMENT_TARGET = 11.0;
				MACOSX_DEPLOYMENT_TARGET = 10.13;
				MTL_ENABLE_DEBUG_INFO = NO;
				SDKROOT = iphoneos;
				SUPPORTED_PLATFORMS = "iphonesimulator iphoneos";
			};
			name = Release;
		};
		5DEA75E51FC2EB9600EA2B36 /* Debug */ = {
			isa = XCBuildConfiguration;
			buildSettings = {
				CODE_SIGN_IDENTITY = "iPhone Developer";
				CODE_SIGN_STYLE = Automatic;
				DEVELOPMENT_TEAM = NXRRDMLHBY;
				INFOPLIST_FILE = Tests/Info.plist;
				IPHONEOS_DEPLOYMENT_TARGET = 11.1;
				LD_RUNPATH_SEARCH_PATHS = "$(inherited) @executable_path/Frameworks @loader_path/Frameworks";
				LIBRARY_SEARCH_PATHS = "$(BUILT_PRODUCTS_DIR)/";
				PRODUCT_BUNDLE_IDENTIFIER = com.footballaddicts.Tests;
				PRODUCT_NAME = "$(TARGET_NAME)";
				TARGETED_DEVICE_FAMILY = "1,2";
			};
			name = Debug;
		};
		5DEA75E61FC2EB9600EA2B36 /* Release */ = {
			isa = XCBuildConfiguration;
			buildSettings = {
				CODE_SIGN_IDENTITY = "iPhone Developer";
				CODE_SIGN_STYLE = Automatic;
				DEVELOPMENT_TEAM = NXRRDMLHBY;
				INFOPLIST_FILE = Tests/Info.plist;
				IPHONEOS_DEPLOYMENT_TARGET = 11.1;
				LD_RUNPATH_SEARCH_PATHS = "$(inherited) @executable_path/Frameworks @loader_path/Frameworks";
				LIBRARY_SEARCH_PATHS = "$(BUILT_PRODUCTS_DIR)/";
				PRODUCT_BUNDLE_IDENTIFIER = com.footballaddicts.Tests;
				PRODUCT_NAME = "$(TARGET_NAME)";
				TARGETED_DEVICE_FAMILY = "1,2";
				VALIDATE_PRODUCT = YES;
			};
			name = Release;
		};
		5DEA75F61FC2EEAE00EA2B36 /* Debug */ = {
			isa = XCBuildConfiguration;
			buildSettings = {
				CODE_SIGN_IDENTITY = "iPhone Developer";
				CODE_SIGN_STYLE = Automatic;
				DEVELOPMENT_TEAM = NXRRDMLHBY;
				IPHONEOS_DEPLOYMENT_TARGET = 11.1;
				OTHER_LDFLAGS = "-ObjC";
				PRODUCT_NAME = "$(TARGET_NAME)";
				SKIP_INSTALL = YES;
				SYSTEM_HEADER_SEARCH_PATHS = "$(SRCROOT)/msgpack-c/include/";
				TARGETED_DEVICE_FAMILY = "1,2";
			};
			name = Debug;
		};
		5DEA75F71FC2EEAE00EA2B36 /* Release */ = {
			isa = XCBuildConfiguration;
			buildSettings = {
				CODE_SIGN_IDENTITY = "iPhone Developer";
				CODE_SIGN_STYLE = Automatic;
				DEVELOPMENT_TEAM = NXRRDMLHBY;
				IPHONEOS_DEPLOYMENT_TARGET = 11.1;
				OTHER_LDFLAGS = "-ObjC";
				PRODUCT_NAME = "$(TARGET_NAME)";
				SKIP_INSTALL = YES;
				SYSTEM_HEADER_SEARCH_PATHS = "$(SRCROOT)/msgpack-c/include/";
				TARGETED_DEVICE_FAMILY = "1,2";
				VALIDATE_PRODUCT = YES;
			};
			name = Release;
		};
/* End XCBuildConfiguration section */

/* Begin XCConfigurationList section */
		5D9B3ACD1FA780F2009FC29A /* Build configuration list for PBXProject "msgpack-objc" */ = {
			isa = XCConfigurationList;
			buildConfigurations = (
				5D9B3AD91FA780F2009FC29A /* Debug */,
				5D9B3ADA1FA780F2009FC29A /* Release */,
			);
			defaultConfigurationIsVisible = 0;
			defaultConfigurationName = Release;
		};
		5DEA75E41FC2EB9600EA2B36 /* Build configuration list for PBXNativeTarget "Tests" */ = {
			isa = XCConfigurationList;
			buildConfigurations = (
				5DEA75E51FC2EB9600EA2B36 /* Debug */,
				5DEA75E61FC2EB9600EA2B36 /* Release */,
			);
			defaultConfigurationIsVisible = 0;
			defaultConfigurationName = Release;
		};
		5DEA75F51FC2EEAE00EA2B36 /* Build configuration list for PBXNativeTarget "MessagePack" */ = {
			isa = XCConfigurationList;
			buildConfigurations = (
				5DEA75F61FC2EEAE00EA2B36 /* Debug */,
				5DEA75F71FC2EEAE00EA2B36 /* Release */,
			);
			defaultConfigurationIsVisible = 0;
			defaultConfigurationName = Release;
		};
/* End XCConfigurationList section */
	};
	rootObject = 5D9B3ACA1FA780F2009FC29A /* Project object */;
}
