// !$*UTF8*$!
{
	archiveVersion = 1;
	classes = {
	};
	objectVersion = 48;
	objects = {

/* Begin PBXBuildFile section */
		5D8467FF1FB0AB6900D8657A /* libmsgpack-objc.a in Frameworks */ = {isa = PBXBuildFile; fileRef = 5D9B3AD21FA780F2009FC29A /* libmsgpack-objc.a */; };
		5D9B3AD61FA780F2009FC29A /* MessagePack.h in Headers */ = {isa = PBXBuildFile; fileRef = 5D9B3AD51FA780F2009FC29A /* MessagePack.h */; settings = {ATTRIBUTES = (Public, ); }; };
		5DC13D231FA8870200D93126 /* MessagePack.m in Sources */ = {isa = PBXBuildFile; fileRef = 5DC13D221FA8870200D93126 /* MessagePack.m */; };
		5DC13DA91FA88D4900D93126 /* libmsgpackc.a in Frameworks */ = {isa = PBXBuildFile; fileRef = 5DC13D881FA88CF700D93126 /* libmsgpackc.a */; };
		5DE76E071FB0987200C60CDF /* MessagePackTests.m in Sources */ = {isa = PBXBuildFile; fileRef = 5DE76E061FB0987200C60CDF /* MessagePackTests.m */; };
		5DE76E241FB0999B00C60CDF /* testdata.msgpack in Resources */ = {isa = PBXBuildFile; fileRef = 5DE76E221FB0999A00C60CDF /* testdata.msgpack */; };
		5DE76E251FB0999B00C60CDF /* testdata.json in Resources */ = {isa = PBXBuildFile; fileRef = 5DE76E231FB0999B00C60CDF /* testdata.json */; };
		5DE76E2E1FB09AAB00C60CDF /* AppDelegate.m in Sources */ = {isa = PBXBuildFile; fileRef = 5DE76E2D1FB09AAB00C60CDF /* AppDelegate.m */; };
		5DE76E341FB09AAB00C60CDF /* Main.storyboard in Resources */ = {isa = PBXBuildFile; fileRef = 5DE76E321FB09AAB00C60CDF /* Main.storyboard */; };
		5DE76E361FB09AAB00C60CDF /* Assets.xcassets in Resources */ = {isa = PBXBuildFile; fileRef = 5DE76E351FB09AAB00C60CDF /* Assets.xcassets */; };
		5DE76E391FB09AAB00C60CDF /* LaunchScreen.storyboard in Resources */ = {isa = PBXBuildFile; fileRef = 5DE76E371FB09AAB00C60CDF /* LaunchScreen.storyboard */; };
		5DE76E3C1FB09AAB00C60CDF /* main.m in Sources */ = {isa = PBXBuildFile; fileRef = 5DE76E3B1FB09AAB00C60CDF /* main.m */; };
		5DE76E421FB09C2D00C60CDF /* testdata.json in Resources */ = {isa = PBXBuildFile; fileRef = 5DE76E231FB0999B00C60CDF /* testdata.json */; };
		5DE76E431FB09C2E00C60CDF /* testdata.msgpack in Resources */ = {isa = PBXBuildFile; fileRef = 5DE76E221FB0999A00C60CDF /* testdata.msgpack */; };
/* End PBXBuildFile section */

/* Begin PBXContainerItemProxy section */
		5D8467FD1FB0AB6300D8657A /* PBXContainerItemProxy */ = {
			isa = PBXContainerItemProxy;
			containerPortal = 5D9B3ACA1FA780F2009FC29A /* Project object */;
			proxyType = 1;
			remoteGlobalIDString = 5D9B3AD11FA780F2009FC29A;
			remoteInfo = "msgpack-objc";
		};
		5DC13D851FA88CF700D93126 /* PBXContainerItemProxy */ = {
			isa = PBXContainerItemProxy;
			containerPortal = 5DC13D6E1FA88CF600D93126 /* msgpack.xcodeproj */;
			proxyType = 2;
			remoteGlobalIDString = 80C07037F3FB49C19EEBC874;
			remoteInfo = msgpackc;
		};
		5DC13D871FA88CF700D93126 /* PBXContainerItemProxy */ = {
			isa = PBXContainerItemProxy;
			containerPortal = 5DC13D6E1FA88CF600D93126 /* msgpack.xcodeproj */;
			proxyType = 2;
			remoteGlobalIDString = E81110020CFE4065A929DED7;
			remoteInfo = "msgpackc-static";
		};
		5DC13D891FA88CF700D93126 /* PBXContainerItemProxy */ = {
			isa = PBXContainerItemProxy;
			containerPortal = 5DC13D6E1FA88CF600D93126 /* msgpack.xcodeproj */;
			proxyType = 2;
			remoteGlobalIDString = A3C441077CC54D5FAF6C88F1;
			remoteInfo = lib_buffer_unpack;
		};
		5DC13D8B1FA88CF700D93126 /* PBXContainerItemProxy */ = {
			isa = PBXContainerItemProxy;
			containerPortal = 5DC13D6E1FA88CF600D93126 /* msgpack.xcodeproj */;
			proxyType = 2;
			remoteGlobalIDString = 91B57EA59E9D43058EFF260A;
			remoteInfo = simple_c;
		};
		5DC13D8D1FA88CF700D93126 /* PBXContainerItemProxy */ = {
			isa = PBXContainerItemProxy;
			containerPortal = 5DC13D6E1FA88CF600D93126 /* msgpack.xcodeproj */;
			proxyType = 2;
			remoteGlobalIDString = BDDEE4FB6E8D48EC829FDBBC;
			remoteInfo = speed_test_uint32_array;
		};
		5DC13D8F1FA88CF700D93126 /* PBXContainerItemProxy */ = {
			isa = PBXContainerItemProxy;
			containerPortal = 5DC13D6E1FA88CF600D93126 /* msgpack.xcodeproj */;
			proxyType = 2;
			remoteGlobalIDString = C60B420B166043298D2E0652;
			remoteInfo = speed_test_uint64_array;
		};
		5DC13D911FA88CF700D93126 /* PBXContainerItemProxy */ = {
			isa = PBXContainerItemProxy;
			containerPortal = 5DC13D6E1FA88CF600D93126 /* msgpack.xcodeproj */;
			proxyType = 2;
			remoteGlobalIDString = 4DA397AFD43C40AF9F54AF59;
			remoteInfo = user_buffer_unpack;
		};
		5DC13D931FA88CF700D93126 /* PBXContainerItemProxy */ = {
			isa = PBXContainerItemProxy;
			containerPortal = 5DC13D6E1FA88CF600D93126 /* msgpack.xcodeproj */;
			proxyType = 2;
			remoteGlobalIDString = 179D5B7687DB4931B80A79B1;
			remoteInfo = class_intrusive;
		};
		5DC13D951FA88CF700D93126 /* PBXContainerItemProxy */ = {
			isa = PBXContainerItemProxy;
			containerPortal = 5DC13D6E1FA88CF600D93126 /* msgpack.xcodeproj */;
			proxyType = 2;
			remoteGlobalIDString = F438BA07698A452AB7AEA72D;
			remoteInfo = class_intrusive_map;
		};
		5DC13D971FA88CF700D93126 /* PBXContainerItemProxy */ = {
			isa = PBXContainerItemProxy;
			containerPortal = 5DC13D6E1FA88CF600D93126 /* msgpack.xcodeproj */;
			proxyType = 2;
			remoteGlobalIDString = 4BC4C187261A491098A34062;
			remoteInfo = class_non_intrusive;
		};
		5DC13D991FA88CF700D93126 /* PBXContainerItemProxy */ = {
			isa = PBXContainerItemProxy;
			containerPortal = 5DC13D6E1FA88CF600D93126 /* msgpack.xcodeproj */;
			proxyType = 2;
			remoteGlobalIDString = 5F411D12865349A5BE89BD21;
			remoteInfo = custom;
		};
		5DC13D9B1FA88CF700D93126 /* PBXContainerItemProxy */ = {
			isa = PBXContainerItemProxy;
			containerPortal = 5DC13D6E1FA88CF600D93126 /* msgpack.xcodeproj */;
			proxyType = 2;
			remoteGlobalIDString = 28F206819DEF434BAA630E6F;
			remoteInfo = enum;
		};
		5DC13D9D1FA88CF700D93126 /* PBXContainerItemProxy */ = {
			isa = PBXContainerItemProxy;
			containerPortal = 5DC13D6E1FA88CF600D93126 /* msgpack.xcodeproj */;
			proxyType = 2;
			remoteGlobalIDString = DC4C586E87A34B9AA8FADD1D;
			remoteInfo = map_based_versionup;
		};
		5DC13D9F1FA88CF700D93126 /* PBXContainerItemProxy */ = {
			isa = PBXContainerItemProxy;
			containerPortal = 5DC13D6E1FA88CF600D93126 /* msgpack.xcodeproj */;
			proxyType = 2;
			remoteGlobalIDString = 50F4D388F6F5479981B070E9;
			remoteInfo = protocol_new;
		};
		5DC13DA11FA88CF700D93126 /* PBXContainerItemProxy */ = {
			isa = PBXContainerItemProxy;
			containerPortal = 5DC13D6E1FA88CF600D93126 /* msgpack.xcodeproj */;
			proxyType = 2;
			remoteGlobalIDString = 71310FF8C8254167B4C43080;
			remoteInfo = reuse_zone;
		};
		5DC13DA31FA88CF700D93126 /* PBXContainerItemProxy */ = {
			isa = PBXContainerItemProxy;
			containerPortal = 5DC13D6E1FA88CF600D93126 /* msgpack.xcodeproj */;
			proxyType = 2;
			remoteGlobalIDString = BA3410F561F347DD9528135F;
			remoteInfo = simple;
		};
		5DC13DA51FA88CF700D93126 /* PBXContainerItemProxy */ = {
			isa = PBXContainerItemProxy;
			containerPortal = 5DC13D6E1FA88CF600D93126 /* msgpack.xcodeproj */;
			proxyType = 2;
			remoteGlobalIDString = B1D1B8EB1B4E4C36A82A862E;
			remoteInfo = stream;
		};
		5DC13DA71FA88D2F00D93126 /* PBXContainerItemProxy */ = {
			isa = PBXContainerItemProxy;
			containerPortal = 5DC13D6E1FA88CF600D93126 /* msgpack.xcodeproj */;
			proxyType = 1;
			remoteGlobalIDString = D209D52FF3CA40FC9A6B54F3;
			remoteInfo = "msgpackc-static";
		};
		5DE76E401FB09AB600C60CDF /* PBXContainerItemProxy */ = {
			isa = PBXContainerItemProxy;
			containerPortal = 5D9B3ACA1FA780F2009FC29A /* Project object */;
			proxyType = 1;
			remoteGlobalIDString = 5DE76E291FB09AAB00C60CDF;
			remoteInfo = "Test Application";
		};
/* End PBXContainerItemProxy section */

/* Begin PBXFileReference section */
		5D9B3AD21FA780F2009FC29A /* libmsgpack-objc.a */ = {isa = PBXFileReference; explicitFileType = archive.ar; includeInIndex = 0; path = "libmsgpack-objc.a"; sourceTree = BUILT_PRODUCTS_DIR; };
		5D9B3AD51FA780F2009FC29A /* MessagePack.h */ = {isa = PBXFileReference; lastKnownFileType = sourcecode.c.h; path = MessagePack.h; sourceTree = "<group>"; };
		5DC13D221FA8870200D93126 /* MessagePack.m */ = {isa = PBXFileReference; fileEncoding = 4; lastKnownFileType = sourcecode.c.objc; path = MessagePack.m; sourceTree = "<group>"; };
		5DC13D6E1FA88CF600D93126 /* msgpack.xcodeproj */ = {isa = PBXFileReference; lastKnownFileType = "wrapper.pb-project"; name = msgpack.xcodeproj; path = "msgpack-c-xcode/msgpack.xcodeproj"; sourceTree = "<group>"; };
		5DE76E041FB0987200C60CDF /* Tests.xctest */ = {isa = PBXFileReference; explicitFileType = wrapper.cfbundle; includeInIndex = 0; path = Tests.xctest; sourceTree = BUILT_PRODUCTS_DIR; };
		5DE76E061FB0987200C60CDF /* MessagePackTests.m */ = {isa = PBXFileReference; lastKnownFileType = sourcecode.c.objc; path = MessagePackTests.m; sourceTree = "<group>"; };
		5DE76E081FB0987200C60CDF /* Info.plist */ = {isa = PBXFileReference; lastKnownFileType = text.plist.xml; path = Info.plist; sourceTree = "<group>"; };
		5DE76E221FB0999A00C60CDF /* testdata.msgpack */ = {isa = PBXFileReference; lastKnownFileType = file; path = testdata.msgpack; sourceTree = "<group>"; };
		5DE76E231FB0999B00C60CDF /* testdata.json */ = {isa = PBXFileReference; fileEncoding = 4; lastKnownFileType = text.json; path = testdata.json; sourceTree = "<group>"; };
		5DE76E2A1FB09AAB00C60CDF /* Test Application.app */ = {isa = PBXFileReference; explicitFileType = wrapper.application; includeInIndex = 0; path = "Test Application.app"; sourceTree = BUILT_PRODUCTS_DIR; };
		5DE76E2C1FB09AAB00C60CDF /* AppDelegate.h */ = {isa = PBXFileReference; lastKnownFileType = sourcecode.c.h; path = AppDelegate.h; sourceTree = "<group>"; };
		5DE76E2D1FB09AAB00C60CDF /* AppDelegate.m */ = {isa = PBXFileReference; lastKnownFileType = sourcecode.c.objc; path = AppDelegate.m; sourceTree = "<group>"; };
		5DE76E331FB09AAB00C60CDF /* Base */ = {isa = PBXFileReference; lastKnownFileType = file.storyboard; name = Base; path = Base.lproj/Main.storyboard; sourceTree = "<group>"; };
		5DE76E351FB09AAB00C60CDF /* Assets.xcassets */ = {isa = PBXFileReference; lastKnownFileType = folder.assetcatalog; path = Assets.xcassets; sourceTree = "<group>"; };
		5DE76E381FB09AAB00C60CDF /* Base */ = {isa = PBXFileReference; lastKnownFileType = file.storyboard; name = Base; path = Base.lproj/LaunchScreen.storyboard; sourceTree = "<group>"; };
		5DE76E3A1FB09AAB00C60CDF /* Info.plist */ = {isa = PBXFileReference; lastKnownFileType = text.plist.xml; path = Info.plist; sourceTree = "<group>"; };
		5DE76E3B1FB09AAB00C60CDF /* main.m */ = {isa = PBXFileReference; lastKnownFileType = sourcecode.c.objc; path = main.m; sourceTree = "<group>"; };
/* End PBXFileReference section */

/* Begin PBXFrameworksBuildPhase section */
		5D9B3ACF1FA780F2009FC29A /* Frameworks */ = {
			isa = PBXFrameworksBuildPhase;
			buildActionMask = 2147483647;
			files = (
				5DC13DA91FA88D4900D93126 /* libmsgpackc.a in Frameworks */,
			);
			runOnlyForDeploymentPostprocessing = 0;
		};
		5DE76E011FB0987200C60CDF /* Frameworks */ = {
			isa = PBXFrameworksBuildPhase;
			buildActionMask = 2147483647;
			files = (
			);
			runOnlyForDeploymentPostprocessing = 0;
		};
		5DE76E271FB09AAB00C60CDF /* Frameworks */ = {
			isa = PBXFrameworksBuildPhase;
			buildActionMask = 2147483647;
			files = (
				5D8467FF1FB0AB6900D8657A /* libmsgpack-objc.a in Frameworks */,
			);
			runOnlyForDeploymentPostprocessing = 0;
		};
/* End PBXFrameworksBuildPhase section */

/* Begin PBXGroup section */
		5D5B64D81FA879F200A1F230 /* Frameworks */ = {
			isa = PBXGroup;
			children = (
				5DC13D6E1FA88CF600D93126 /* msgpack.xcodeproj */,
			);
			name = Frameworks;
			sourceTree = "<group>";
		};
		5D9B3AC91FA780F2009FC29A = {
			isa = PBXGroup;
			children = (
				5D9B3AD41FA780F2009FC29A /* msgpack-objc */,
				5DE76E051FB0987200C60CDF /* Tests */,
				5DE76E2B1FB09AAB00C60CDF /* Test Application */,
				5D9B3AD31FA780F2009FC29A /* Products */,
				5D5B64D81FA879F200A1F230 /* Frameworks */,
			);
			sourceTree = "<group>";
		};
		5D9B3AD31FA780F2009FC29A /* Products */ = {
			isa = PBXGroup;
			children = (
				5D9B3AD21FA780F2009FC29A /* libmsgpack-objc.a */,
				5DE76E041FB0987200C60CDF /* Tests.xctest */,
				5DE76E2A1FB09AAB00C60CDF /* Test Application.app */,
			);
			name = Products;
			sourceTree = "<group>";
		};
		5D9B3AD41FA780F2009FC29A /* msgpack-objc */ = {
			isa = PBXGroup;
			children = (
				5D9B3AD51FA780F2009FC29A /* MessagePack.h */,
				5DC13D221FA8870200D93126 /* MessagePack.m */,
			);
			path = "msgpack-objc";
			sourceTree = "<group>";
		};
		5DC13D6F1FA88CF600D93126 /* Products */ = {
			isa = PBXGroup;
			children = (
				5DC13D861FA88CF700D93126 /* libmsgpackc.dylib */,
				5DC13D881FA88CF700D93126 /* libmsgpackc.a */,
				5DC13D8A1FA88CF700D93126 /* lib_buffer_unpack */,
				5DC13D8C1FA88CF700D93126 /* simple_c */,
				5DC13D8E1FA88CF700D93126 /* speed_test_uint32_array */,
				5DC13D901FA88CF700D93126 /* speed_test_uint64_array */,
				5DC13D921FA88CF700D93126 /* user_buffer_unpack */,
				5DC13D941FA88CF700D93126 /* class_intrusive */,
				5DC13D961FA88CF700D93126 /* class_intrusive_map */,
				5DC13D981FA88CF700D93126 /* class_non_intrusive */,
				5DC13D9A1FA88CF700D93126 /* custom */,
				5DC13D9C1FA88CF700D93126 /* enum */,
				5DC13D9E1FA88CF700D93126 /* map_based_versionup */,
				5DC13DA01FA88CF700D93126 /* protocol_new */,
				5DC13DA21FA88CF700D93126 /* reuse_zone */,
				5DC13DA41FA88CF700D93126 /* simple */,
				5DC13DA61FA88CF700D93126 /* stream */,
			);
			name = Products;
			sourceTree = "<group>";
		};
		5DE76E051FB0987200C60CDF /* Tests */ = {
			isa = PBXGroup;
			children = (
				5DE76E061FB0987200C60CDF /* MessagePackTests.m */,
				5DE76E081FB0987200C60CDF /* Info.plist */,
				5DE76E231FB0999B00C60CDF /* testdata.json */,
				5DE76E221FB0999A00C60CDF /* testdata.msgpack */,
			);
			path = Tests;
			sourceTree = "<group>";
		};
		5DE76E2B1FB09AAB00C60CDF /* Test Application */ = {
			isa = PBXGroup;
			children = (
				5DE76E2C1FB09AAB00C60CDF /* AppDelegate.h */,
				5DE76E2D1FB09AAB00C60CDF /* AppDelegate.m */,
				5DE76E321FB09AAB00C60CDF /* Main.storyboard */,
				5DE76E351FB09AAB00C60CDF /* Assets.xcassets */,
				5DE76E371FB09AAB00C60CDF /* LaunchScreen.storyboard */,
				5DE76E3A1FB09AAB00C60CDF /* Info.plist */,
				5DE76E3B1FB09AAB00C60CDF /* main.m */,
			);
			path = "Test Application";
			sourceTree = "<group>";
		};
/* End PBXGroup section */

/* Begin PBXHeadersBuildPhase section */
		5D9B3AD01FA780F2009FC29A /* Headers */ = {
			isa = PBXHeadersBuildPhase;
			buildActionMask = 2147483647;
			files = (
				5D9B3AD61FA780F2009FC29A /* MessagePack.h in Headers */,
			);
			runOnlyForDeploymentPostprocessing = 0;
		};
/* End PBXHeadersBuildPhase section */

/* Begin PBXNativeTarget section */
		5D9B3AD11FA780F2009FC29A /* msgpack-objc */ = {
			isa = PBXNativeTarget;
			buildConfigurationList = 5D9B3ADB1FA780F2009FC29A /* Build configuration list for PBXNativeTarget "msgpack-objc" */;
			buildPhases = (
				5D9B3ACE1FA780F2009FC29A /* Sources */,
				5D9B3ACF1FA780F2009FC29A /* Frameworks */,
				5D9B3AD01FA780F2009FC29A /* Headers */,
			);
			buildRules = (
			);
			dependencies = (
				5DC13DA81FA88D2F00D93126 /* PBXTargetDependency */,
			);
			name = "msgpack-objc";
			productName = "msgpack-objc";
			productReference = 5D9B3AD21FA780F2009FC29A /* libmsgpack-objc.a */;
			productType = "com.apple.product-type.library.static";
		};
		5DE76E031FB0987200C60CDF /* Tests */ = {
			isa = PBXNativeTarget;
			buildConfigurationList = 5DE76E211FB0987200C60CDF /* Build configuration list for PBXNativeTarget "Tests" */;
			buildPhases = (
				5DE76E001FB0987200C60CDF /* Sources */,
				5DE76E011FB0987200C60CDF /* Frameworks */,
				5DE76E021FB0987200C60CDF /* Resources */,
			);
			buildRules = (
			);
			dependencies = (
				5DE76E411FB09AB600C60CDF /* PBXTargetDependency */,
			);
			name = Tests;
			productName = Tests;
			productReference = 5DE76E041FB0987200C60CDF /* Tests.xctest */;
			productType = "com.apple.product-type.bundle.unit-test";
		};
		5DE76E291FB09AAB00C60CDF /* Test Application */ = {
			isa = PBXNativeTarget;
			buildConfigurationList = 5DE76E3D1FB09AAB00C60CDF /* Build configuration list for PBXNativeTarget "Test Application" */;
			buildPhases = (
				5DE76E261FB09AAB00C60CDF /* Sources */,
				5DE76E271FB09AAB00C60CDF /* Frameworks */,
				5DE76E281FB09AAB00C60CDF /* Resources */,
			);
			buildRules = (
			);
			dependencies = (
				5D8467FE1FB0AB6300D8657A /* PBXTargetDependency */,
			);
			name = "Test Application";
			productName = "Test Application";
			productReference = 5DE76E2A1FB09AAB00C60CDF /* Test Application.app */;
			productType = "com.apple.product-type.application";
		};
/* End PBXNativeTarget section */

/* Begin PBXProject section */
		5D9B3ACA1FA780F2009FC29A /* Project object */ = {
			isa = PBXProject;
			attributes = {
				LastUpgradeCheck = 0900;
				ORGANIZATIONNAME = "FootballAddicts AB";
				TargetAttributes = {
					5D9B3AD11FA780F2009FC29A = {
						CreatedOnToolsVersion = 9.0.1;
						ProvisioningStyle = Automatic;
					};
					5DE76E031FB0987200C60CDF = {
						CreatedOnToolsVersion = 9.1;
						ProvisioningStyle = Automatic;
						TestTargetID = 5DE76E291FB09AAB00C60CDF;
					};
					5DE76E291FB09AAB00C60CDF = {
						CreatedOnToolsVersion = 9.1;
						ProvisioningStyle = Automatic;
					};
				};
			};
			buildConfigurationList = 5D9B3ACD1FA780F2009FC29A /* Build configuration list for PBXProject "msgpack-objc" */;
			compatibilityVersion = "Xcode 8.0";
			developmentRegion = en;
			hasScannedForEncodings = 0;
			knownRegions = (
				en,
				Base,
			);
			mainGroup = 5D9B3AC91FA780F2009FC29A;
			productRefGroup = 5D9B3AD31FA780F2009FC29A /* Products */;
			projectDirPath = "";
			projectReferences = (
				{
					ProductGroup = 5DC13D6F1FA88CF600D93126 /* Products */;
					ProjectRef = 5DC13D6E1FA88CF600D93126 /* msgpack.xcodeproj */;
				},
			);
			projectRoot = "";
			targets = (
				5D9B3AD11FA780F2009FC29A /* msgpack-objc */,
				5DE76E031FB0987200C60CDF /* Tests */,
				5DE76E291FB09AAB00C60CDF /* Test Application */,
			);
		};
/* End PBXProject section */

/* Begin PBXReferenceProxy section */
		5DC13D861FA88CF700D93126 /* libmsgpackc.dylib */ = {
			isa = PBXReferenceProxy;
			fileType = "compiled.mach-o.dylib";
			name = libmsgpackc.dylib;
			path = libmsgpackc.2.0.0.dylib;
			remoteRef = 5DC13D851FA88CF700D93126 /* PBXContainerItemProxy */;
			sourceTree = BUILT_PRODUCTS_DIR;
		};
		5DC13D881FA88CF700D93126 /* libmsgpackc.a */ = {
			isa = PBXReferenceProxy;
			fileType = archive.ar;
			path = libmsgpackc.a;
			remoteRef = 5DC13D871FA88CF700D93126 /* PBXContainerItemProxy */;
			sourceTree = BUILT_PRODUCTS_DIR;
		};
		5DC13D8A1FA88CF700D93126 /* lib_buffer_unpack */ = {
			isa = PBXReferenceProxy;
			fileType = "compiled.mach-o.executable";
			path = lib_buffer_unpack;
			remoteRef = 5DC13D891FA88CF700D93126 /* PBXContainerItemProxy */;
			sourceTree = BUILT_PRODUCTS_DIR;
		};
		5DC13D8C1FA88CF700D93126 /* simple_c */ = {
			isa = PBXReferenceProxy;
			fileType = "compiled.mach-o.executable";
			path = simple_c;
			remoteRef = 5DC13D8B1FA88CF700D93126 /* PBXContainerItemProxy */;
			sourceTree = BUILT_PRODUCTS_DIR;
		};
		5DC13D8E1FA88CF700D93126 /* speed_test_uint32_array */ = {
			isa = PBXReferenceProxy;
			fileType = "compiled.mach-o.executable";
			path = speed_test_uint32_array;
			remoteRef = 5DC13D8D1FA88CF700D93126 /* PBXContainerItemProxy */;
			sourceTree = BUILT_PRODUCTS_DIR;
		};
		5DC13D901FA88CF700D93126 /* speed_test_uint64_array */ = {
			isa = PBXReferenceProxy;
			fileType = "compiled.mach-o.executable";
			path = speed_test_uint64_array;
			remoteRef = 5DC13D8F1FA88CF700D93126 /* PBXContainerItemProxy */;
			sourceTree = BUILT_PRODUCTS_DIR;
		};
		5DC13D921FA88CF700D93126 /* user_buffer_unpack */ = {
			isa = PBXReferenceProxy;
			fileType = "compiled.mach-o.executable";
			path = user_buffer_unpack;
			remoteRef = 5DC13D911FA88CF700D93126 /* PBXContainerItemProxy */;
			sourceTree = BUILT_PRODUCTS_DIR;
		};
		5DC13D941FA88CF700D93126 /* class_intrusive */ = {
			isa = PBXReferenceProxy;
			fileType = "compiled.mach-o.executable";
			path = class_intrusive;
			remoteRef = 5DC13D931FA88CF700D93126 /* PBXContainerItemProxy */;
			sourceTree = BUILT_PRODUCTS_DIR;
		};
		5DC13D961FA88CF700D93126 /* class_intrusive_map */ = {
			isa = PBXReferenceProxy;
			fileType = "compiled.mach-o.executable";
			path = class_intrusive_map;
			remoteRef = 5DC13D951FA88CF700D93126 /* PBXContainerItemProxy */;
			sourceTree = BUILT_PRODUCTS_DIR;
		};
		5DC13D981FA88CF700D93126 /* class_non_intrusive */ = {
			isa = PBXReferenceProxy;
			fileType = "compiled.mach-o.executable";
			path = class_non_intrusive;
			remoteRef = 5DC13D971FA88CF700D93126 /* PBXContainerItemProxy */;
			sourceTree = BUILT_PRODUCTS_DIR;
		};
		5DC13D9A1FA88CF700D93126 /* custom */ = {
			isa = PBXReferenceProxy;
			fileType = "compiled.mach-o.executable";
			path = custom;
			remoteRef = 5DC13D991FA88CF700D93126 /* PBXContainerItemProxy */;
			sourceTree = BUILT_PRODUCTS_DIR;
		};
		5DC13D9C1FA88CF700D93126 /* enum */ = {
			isa = PBXReferenceProxy;
			fileType = "compiled.mach-o.executable";
			path = enum;
			remoteRef = 5DC13D9B1FA88CF700D93126 /* PBXContainerItemProxy */;
			sourceTree = BUILT_PRODUCTS_DIR;
		};
		5DC13D9E1FA88CF700D93126 /* map_based_versionup */ = {
			isa = PBXReferenceProxy;
			fileType = "compiled.mach-o.executable";
			path = map_based_versionup;
			remoteRef = 5DC13D9D1FA88CF700D93126 /* PBXContainerItemProxy */;
			sourceTree = BUILT_PRODUCTS_DIR;
		};
		5DC13DA01FA88CF700D93126 /* protocol_new */ = {
			isa = PBXReferenceProxy;
			fileType = "compiled.mach-o.executable";
			path = protocol_new;
			remoteRef = 5DC13D9F1FA88CF700D93126 /* PBXContainerItemProxy */;
			sourceTree = BUILT_PRODUCTS_DIR;
		};
		5DC13DA21FA88CF700D93126 /* reuse_zone */ = {
			isa = PBXReferenceProxy;
			fileType = "compiled.mach-o.executable";
			path = reuse_zone;
			remoteRef = 5DC13DA11FA88CF700D93126 /* PBXContainerItemProxy */;
			sourceTree = BUILT_PRODUCTS_DIR;
		};
		5DC13DA41FA88CF700D93126 /* simple */ = {
			isa = PBXReferenceProxy;
			fileType = "compiled.mach-o.executable";
			path = simple;
			remoteRef = 5DC13DA31FA88CF700D93126 /* PBXContainerItemProxy */;
			sourceTree = BUILT_PRODUCTS_DIR;
		};
		5DC13DA61FA88CF700D93126 /* stream */ = {
			isa = PBXReferenceProxy;
			fileType = "compiled.mach-o.executable";
			path = stream;
			remoteRef = 5DC13DA51FA88CF700D93126 /* PBXContainerItemProxy */;
			sourceTree = BUILT_PRODUCTS_DIR;
		};
/* End PBXReferenceProxy section */

/* Begin PBXResourcesBuildPhase section */
		5DE76E021FB0987200C60CDF /* Resources */ = {
			isa = PBXResourcesBuildPhase;
			buildActionMask = 2147483647;
			files = (
				5DE76E241FB0999B00C60CDF /* testdata.msgpack in Resources */,
				5DE76E251FB0999B00C60CDF /* testdata.json in Resources */,
			);
			runOnlyForDeploymentPostprocessing = 0;
		};
		5DE76E281FB09AAB00C60CDF /* Resources */ = {
			isa = PBXResourcesBuildPhase;
			buildActionMask = 2147483647;
			files = (
				5DE76E421FB09C2D00C60CDF /* testdata.json in Resources */,
				5DE76E431FB09C2E00C60CDF /* testdata.msgpack in Resources */,
				5DE76E391FB09AAB00C60CDF /* LaunchScreen.storyboard in Resources */,
				5DE76E361FB09AAB00C60CDF /* Assets.xcassets in Resources */,
				5DE76E341FB09AAB00C60CDF /* Main.storyboard in Resources */,
			);
			runOnlyForDeploymentPostprocessing = 0;
		};
/* End PBXResourcesBuildPhase section */

/* Begin PBXSourcesBuildPhase section */
		5D9B3ACE1FA780F2009FC29A /* Sources */ = {
			isa = PBXSourcesBuildPhase;
			buildActionMask = 2147483647;
			files = (
				5DC13D231FA8870200D93126 /* MessagePack.m in Sources */,
			);
			runOnlyForDeploymentPostprocessing = 0;
		};
		5DE76E001FB0987200C60CDF /* Sources */ = {
			isa = PBXSourcesBuildPhase;
			buildActionMask = 2147483647;
			files = (
				5DE76E071FB0987200C60CDF /* MessagePackTests.m in Sources */,
			);
			runOnlyForDeploymentPostprocessing = 0;
		};
		5DE76E261FB09AAB00C60CDF /* Sources */ = {
			isa = PBXSourcesBuildPhase;
			buildActionMask = 2147483647;
			files = (
				5DE76E3C1FB09AAB00C60CDF /* main.m in Sources */,
				5DE76E2E1FB09AAB00C60CDF /* AppDelegate.m in Sources */,
			);
			runOnlyForDeploymentPostprocessing = 0;
		};
/* End PBXSourcesBuildPhase section */

/* Begin PBXTargetDependency section */
		5D8467FE1FB0AB6300D8657A /* PBXTargetDependency */ = {
			isa = PBXTargetDependency;
			target = 5D9B3AD11FA780F2009FC29A /* msgpack-objc */;
			targetProxy = 5D8467FD1FB0AB6300D8657A /* PBXContainerItemProxy */;
		};
		5DC13DA81FA88D2F00D93126 /* PBXTargetDependency */ = {
			isa = PBXTargetDependency;
			name = "msgpackc-static";
			targetProxy = 5DC13DA71FA88D2F00D93126 /* PBXContainerItemProxy */;
		};
		5DE76E411FB09AB600C60CDF /* PBXTargetDependency */ = {
			isa = PBXTargetDependency;
			target = 5DE76E291FB09AAB00C60CDF /* Test Application */;
			targetProxy = 5DE76E401FB09AB600C60CDF /* PBXContainerItemProxy */;
		};
/* End PBXTargetDependency section */

/* Begin PBXVariantGroup section */
		5DE76E321FB09AAB00C60CDF /* Main.storyboard */ = {
			isa = PBXVariantGroup;
			children = (
				5DE76E331FB09AAB00C60CDF /* Base */,
			);
			name = Main.storyboard;
			sourceTree = "<group>";
		};
		5DE76E371FB09AAB00C60CDF /* LaunchScreen.storyboard */ = {
			isa = PBXVariantGroup;
			children = (
				5DE76E381FB09AAB00C60CDF /* Base */,
			);
			name = LaunchScreen.storyboard;
			sourceTree = "<group>";
		};
/* End PBXVariantGroup section */

/* Begin XCBuildConfiguration section */
		5D9B3AD91FA780F2009FC29A /* Debug */ = {
			isa = XCBuildConfiguration;
			buildSettings = {
				ALWAYS_SEARCH_USER_PATHS = NO;
				CLANG_ANALYZER_NONNULL = YES;
				CLANG_ANALYZER_NUMBER_OBJECT_CONVERSION = YES_AGGRESSIVE;
				CLANG_CXX_LANGUAGE_STANDARD = "gnu++14";
				CLANG_CXX_LIBRARY = "libc++";
				CLANG_ENABLE_MODULES = YES;
				CLANG_ENABLE_OBJC_ARC = YES;
				CLANG_WARN_BLOCK_CAPTURE_AUTORELEASING = YES;
				CLANG_WARN_BOOL_CONVERSION = YES;
				CLANG_WARN_COMMA = YES;
				CLANG_WARN_CONSTANT_CONVERSION = YES;
				CLANG_WARN_DIRECT_OBJC_ISA_USAGE = YES_ERROR;
				CLANG_WARN_DOCUMENTATION_COMMENTS = YES;
				CLANG_WARN_EMPTY_BODY = YES;
				CLANG_WARN_ENUM_CONVERSION = YES;
				CLANG_WARN_INFINITE_RECURSION = YES;
				CLANG_WARN_INT_CONVERSION = YES;
				CLANG_WARN_NON_LITERAL_NULL_CONVERSION = YES;
				CLANG_WARN_OBJC_LITERAL_CONVERSION = YES;
				CLANG_WARN_OBJC_ROOT_CLASS = YES_ERROR;
				CLANG_WARN_RANGE_LOOP_ANALYSIS = YES;
				CLANG_WARN_STRICT_PROTOTYPES = YES;
				CLANG_WARN_SUSPICIOUS_MOVE = YES;
				CLANG_WARN_UNGUARDED_AVAILABILITY = YES_AGGRESSIVE;
				CLANG_WARN_UNREACHABLE_CODE = YES;
				CLANG_WARN__DUPLICATE_METHOD_MATCH = YES;
				CODE_SIGN_IDENTITY = "Mac Developer";
				COPY_PHASE_STRIP = NO;
				DEBUG_INFORMATION_FORMAT = dwarf;
				ENABLE_STRICT_OBJC_MSGSEND = YES;
				ENABLE_TESTABILITY = YES;
				GCC_C_LANGUAGE_STANDARD = gnu11;
				GCC_DYNAMIC_NO_PIC = NO;
				GCC_NO_COMMON_BLOCKS = YES;
				GCC_OPTIMIZATION_LEVEL = 0;
				GCC_PREPROCESSOR_DEFINITIONS = (
					"DEBUG=1",
					"$(inherited)",
				);
				GCC_WARN_64_TO_32_BIT_CONVERSION = YES;
				GCC_WARN_ABOUT_RETURN_TYPE = YES_ERROR;
				GCC_WARN_UNDECLARED_SELECTOR = YES;
				GCC_WARN_UNINITIALIZED_AUTOS = YES_AGGRESSIVE;
				GCC_WARN_UNUSED_FUNCTION = YES;
				GCC_WARN_UNUSED_VARIABLE = YES;
				IPHONEOS_DEPLOYMENT_TARGET = 11.0;
				MACOSX_DEPLOYMENT_TARGET = 10.13;
				MTL_ENABLE_DEBUG_INFO = YES;
				ONLY_ACTIVE_ARCH = YES;
				SDKROOT = iphoneos;
				SUPPORTED_PLATFORMS = "iphonesimulator iphoneos";
			};
			name = Debug;
		};
		5D9B3ADA1FA780F2009FC29A /* Release */ = {
			isa = XCBuildConfiguration;
			buildSettings = {
				ALWAYS_SEARCH_USER_PATHS = NO;
				CLANG_ANALYZER_NONNULL = YES;
				CLANG_ANALYZER_NUMBER_OBJECT_CONVERSION = YES_AGGRESSIVE;
				CLANG_CXX_LANGUAGE_STANDARD = "gnu++14";
				CLANG_CXX_LIBRARY = "libc++";
				CLANG_ENABLE_MODULES = YES;
				CLANG_ENABLE_OBJC_ARC = YES;
				CLANG_WARN_BLOCK_CAPTURE_AUTORELEASING = YES;
				CLANG_WARN_BOOL_CONVERSION = YES;
				CLANG_WARN_COMMA = YES;
				CLANG_WARN_CONSTANT_CONVERSION = YES;
				CLANG_WARN_DIRECT_OBJC_ISA_USAGE = YES_ERROR;
				CLANG_WARN_DOCUMENTATION_COMMENTS = YES;
				CLANG_WARN_EMPTY_BODY = YES;
				CLANG_WARN_ENUM_CONVERSION = YES;
				CLANG_WARN_INFINITE_RECURSION = YES;
				CLANG_WARN_INT_CONVERSION = YES;
				CLANG_WARN_NON_LITERAL_NULL_CONVERSION = YES;
				CLANG_WARN_OBJC_LITERAL_CONVERSION = YES;
				CLANG_WARN_OBJC_ROOT_CLASS = YES_ERROR;
				CLANG_WARN_RANGE_LOOP_ANALYSIS = YES;
				CLANG_WARN_STRICT_PROTOTYPES = YES;
				CLANG_WARN_SUSPICIOUS_MOVE = YES;
				CLANG_WARN_UNGUARDED_AVAILABILITY = YES_AGGRESSIVE;
				CLANG_WARN_UNREACHABLE_CODE = YES;
				CLANG_WARN__DUPLICATE_METHOD_MATCH = YES;
				CODE_SIGN_IDENTITY = "Mac Developer";
				COPY_PHASE_STRIP = NO;
				DEBUG_INFORMATION_FORMAT = "dwarf-with-dsym";
				ENABLE_NS_ASSERTIONS = NO;
				ENABLE_STRICT_OBJC_MSGSEND = YES;
				GCC_C_LANGUAGE_STANDARD = gnu11;
				GCC_NO_COMMON_BLOCKS = YES;
				GCC_WARN_64_TO_32_BIT_CONVERSION = YES;
				GCC_WARN_ABOUT_RETURN_TYPE = YES_ERROR;
				GCC_WARN_UNDECLARED_SELECTOR = YES;
				GCC_WARN_UNINITIALIZED_AUTOS = YES_AGGRESSIVE;
				GCC_WARN_UNUSED_FUNCTION = YES;
				GCC_WARN_UNUSED_VARIABLE = YES;
				IPHONEOS_DEPLOYMENT_TARGET = 11.0;
				MACOSX_DEPLOYMENT_TARGET = 10.13;
				MTL_ENABLE_DEBUG_INFO = NO;
				SDKROOT = iphoneos;
				SUPPORTED_PLATFORMS = "iphonesimulator iphoneos";
			};
			name = Release;
		};
		5D9B3ADC1FA780F2009FC29A /* Debug */ = {
			isa = XCBuildConfiguration;
			buildSettings = {
				CODE_SIGN_STYLE = Automatic;
				DEVELOPMENT_TEAM = NXRRDMLHBY;
				EXECUTABLE_PREFIX = lib;
				PRODUCT_NAME = "$(TARGET_NAME)";
				SDKROOT = iphoneos;
				SUPPORTED_PLATFORMS = "iphonesimulator iphoneos";
				SYSTEM_HEADER_SEARCH_PATHS = "msgpack-c/include";
			};
			name = Debug;
		};
		5D9B3ADD1FA780F2009FC29A /* Release */ = {
			isa = XCBuildConfiguration;
			buildSettings = {
				CODE_SIGN_STYLE = Automatic;
				DEVELOPMENT_TEAM = NXRRDMLHBY;
				EXECUTABLE_PREFIX = lib;
				PRODUCT_NAME = "$(TARGET_NAME)";
				SDKROOT = iphoneos;
				SUPPORTED_PLATFORMS = "iphonesimulator iphoneos";
				SYSTEM_HEADER_SEARCH_PATHS = "msgpack-c/include";
			};
			name = Release;
		};
		5DE76E0C1FB0987200C60CDF /* Debug */ = {
			isa = XCBuildConfiguration;
			buildSettings = {
				BUNDLE_LOADER = "$(TEST_HOST)";
				CODE_SIGN_IDENTITY = "iPhone Developer";
				CODE_SIGN_STYLE = Automatic;
				DEVELOPMENT_TEAM = NXRRDMLHBY;
				INFOPLIST_FILE = Tests/Info.plist;
				IPHONEOS_DEPLOYMENT_TARGET = 11.1;
				LD_RUNPATH_SEARCH_PATHS = "$(inherited) @executable_path/Frameworks @loader_path/Frameworks";
				PRODUCT_BUNDLE_IDENTIFIER = com.footballaddicts.Tests;
				PRODUCT_NAME = "$(TARGET_NAME)";
				TARGETED_DEVICE_FAMILY = "1,2";
				TEST_HOST = "$(BUILT_PRODUCTS_DIR)/Test Application.app/Test Application";
			};
			name = Debug;
		};
		5DE76E0D1FB0987200C60CDF /* Release */ = {
			isa = XCBuildConfiguration;
			buildSettings = {
				BUNDLE_LOADER = "$(TEST_HOST)";
				CODE_SIGN_IDENTITY = "iPhone Developer";
				CODE_SIGN_STYLE = Automatic;
				DEVELOPMENT_TEAM = NXRRDMLHBY;
				INFOPLIST_FILE = Tests/Info.plist;
				IPHONEOS_DEPLOYMENT_TARGET = 11.1;
				LD_RUNPATH_SEARCH_PATHS = "$(inherited) @executable_path/Frameworks @loader_path/Frameworks";
				PRODUCT_BUNDLE_IDENTIFIER = com.footballaddicts.Tests;
				PRODUCT_NAME = "$(TARGET_NAME)";
				TARGETED_DEVICE_FAMILY = "1,2";
				TEST_HOST = "$(BUILT_PRODUCTS_DIR)/Test Application.app/Test Application";
				VALIDATE_PRODUCT = YES;
			};
			name = Release;
		};
		5DE76E3E1FB09AAB00C60CDF /* Debug */ = {
			isa = XCBuildConfiguration;
			buildSettings = {
				ASSETCATALOG_COMPILER_APPICON_NAME = AppIcon;
				CODE_SIGN_IDENTITY = "iPhone Developer";
				CODE_SIGN_STYLE = Automatic;
				DEVELOPMENT_TEAM = NXRRDMLHBY;
				INFOPLIST_FILE = "Test Application/Info.plist";
				IPHONEOS_DEPLOYMENT_TARGET = 11.0;
				LD_RUNPATH_SEARCH_PATHS = "$(inherited) @executable_path/Frameworks";
				PRODUCT_BUNDLE_IDENTIFIER = "com.footballaddicts.Test-Application";
				PRODUCT_NAME = "$(TARGET_NAME)";
				TARGETED_DEVICE_FAMILY = "1,2";
			};
			name = Debug;
		};
		5DE76E3F1FB09AAB00C60CDF /* Release */ = {
			isa = XCBuildConfiguration;
			buildSettings = {
				ASSETCATALOG_COMPILER_APPICON_NAME = AppIcon;
				CODE_SIGN_IDENTITY = "iPhone Developer";
				CODE_SIGN_STYLE = Automatic;
				DEVELOPMENT_TEAM = NXRRDMLHBY;
				INFOPLIST_FILE = "Test Application/Info.plist";
				IPHONEOS_DEPLOYMENT_TARGET = 11.0;
				LD_RUNPATH_SEARCH_PATHS = "$(inherited) @executable_path/Frameworks";
				PRODUCT_BUNDLE_IDENTIFIER = "com.footballaddicts.Test-Application";
				PRODUCT_NAME = "$(TARGET_NAME)";
				TARGETED_DEVICE_FAMILY = "1,2";
				VALIDATE_PRODUCT = YES;
			};
			name = Release;
		};
/* End XCBuildConfiguration section */

/* Begin XCConfigurationList section */
		5D9B3ACD1FA780F2009FC29A /* Build configuration list for PBXProject "msgpack-objc" */ = {
			isa = XCConfigurationList;
			buildConfigurations = (
				5D9B3AD91FA780F2009FC29A /* Debug */,
				5D9B3ADA1FA780F2009FC29A /* Release */,
			);
			defaultConfigurationIsVisible = 0;
			defaultConfigurationName = Release;
		};
		5D9B3ADB1FA780F2009FC29A /* Build configuration list for PBXNativeTarget "msgpack-objc" */ = {
			isa = XCConfigurationList;
			buildConfigurations = (
				5D9B3ADC1FA780F2009FC29A /* Debug */,
				5D9B3ADD1FA780F2009FC29A /* Release */,
			);
			defaultConfigurationIsVisible = 0;
			defaultConfigurationName = Release;
		};
		5DE76E211FB0987200C60CDF /* Build configuration list for PBXNativeTarget "Tests" */ = {
			isa = XCConfigurationList;
			buildConfigurations = (
				5DE76E0C1FB0987200C60CDF /* Debug */,
				5DE76E0D1FB0987200C60CDF /* Release */,
			);
			defaultConfigurationIsVisible = 0;
			defaultConfigurationName = Release;
		};
		5DE76E3D1FB09AAB00C60CDF /* Build configuration list for PBXNativeTarget "Test Application" */ = {
			isa = XCConfigurationList;
			buildConfigurations = (
				5DE76E3E1FB09AAB00C60CDF /* Debug */,
				5DE76E3F1FB09AAB00C60CDF /* Release */,
			);
			defaultConfigurationIsVisible = 0;
			defaultConfigurationName = Release;
		};
/* End XCConfigurationList section */
	};
	rootObject = 5D9B3ACA1FA780F2009FC29A /* Project object */;
}
